// !$*UTF8*$!
{
	archiveVersion = 1;
	classes = {
	};
	objectVersion = 52;
	objects = {

/* Begin PBXBuildFile section */
		076E7753259FAA6B0081BC04 /* AppDelegate.swift in Sources */ = {isa = PBXBuildFile; fileRef = 076E7752259FAA6B0081BC04 /* AppDelegate.swift */; };
		076E7755259FAA6B0081BC04 /* SceneDelegate.swift in Sources */ = {isa = PBXBuildFile; fileRef = 076E7754259FAA6B0081BC04 /* SceneDelegate.swift */; };
		076E7757259FAA6B0081BC04 /* ViewController.swift in Sources */ = {isa = PBXBuildFile; fileRef = 076E7756259FAA6B0081BC04 /* ViewController.swift */; };
		076E775A259FAA6B0081BC04 /* Main.storyboard in Resources */ = {isa = PBXBuildFile; fileRef = 076E7758259FAA6B0081BC04 /* Main.storyboard */; };
		076E775C259FAA6C0081BC04 /* Assets.xcassets in Resources */ = {isa = PBXBuildFile; fileRef = 076E775B259FAA6C0081BC04 /* Assets.xcassets */; };
		076E775F259FAA6C0081BC04 /* LaunchScreen.storyboard in Resources */ = {isa = PBXBuildFile; fileRef = 076E775D259FAA6C0081BC04 /* LaunchScreen.storyboard */; };
		076E7769259FAAAB0081BC04 /* SwiftyJSON in Frameworks */ = {isa = PBXBuildFile; productRef = 076E7768259FAAAB0081BC04 /* SwiftyJSON */; };
		076E776C259FAABB0081BC04 /* old_template.json in Resources */ = {isa = PBXBuildFile; fileRef = 076E776B259FAABB0081BC04 /* old_template.json */; };
		0797562625A3C01400E5A439 /* JSONReader.swift in Sources */ = {isa = PBXBuildFile; fileRef = 0797562525A3C01400E5A439 /* JSONReader.swift */; };
		0797562925A3C0AB00E5A439 /* ButtonGenerator.swift in Sources */ = {isa = PBXBuildFile; fileRef = 0797562825A3C0AB00E5A439 /* ButtonGenerator.swift */; };
		0797562E25A3C53700E5A439 /* ButtonGenerator.swift in Resources */ = {isa = PBXBuildFile; fileRef = 0797562825A3C0AB00E5A439 /* ButtonGenerator.swift */; };
		0797562F25A3C53700E5A439 /* JSONReader.swift in Resources */ = {isa = PBXBuildFile; fileRef = 0797562525A3C01400E5A439 /* JSONReader.swift */; };
		0797563025A3C53700E5A439 /* AppDelegate.swift in Resources */ = {isa = PBXBuildFile; fileRef = 076E7752259FAA6B0081BC04 /* AppDelegate.swift */; };
		0797563125A3C53700E5A439 /* SceneDelegate.swift in Resources */ = {isa = PBXBuildFile; fileRef = 076E7754259FAA6B0081BC04 /* SceneDelegate.swift */; };
		0797563225A3C53700E5A439 /* ViewController.swift in Resources */ = {isa = PBXBuildFile; fileRef = 076E7756259FAA6B0081BC04 /* ViewController.swift */; };
		07C8280D25A4FEB600C79E88 /* LabelGenerator.swift in Sources */ = {isa = PBXBuildFile; fileRef = 07C8280C25A4FEB600C79E88 /* LabelGenerator.swift */; };
		07C8281125A5028200C79E88 /* TextViewGenerator.swift in Sources */ = {isa = PBXBuildFile; fileRef = 07C8281025A5028200C79E88 /* TextViewGenerator.swift */; };
		07C8281425A508D700C79E88 /* UIColorHexExtension.swift in Sources */ = {isa = PBXBuildFile; fileRef = 07C8281325A508D700C79E88 /* UIColorHexExtension.swift */; };
		07C8281625A5092D00C79E88 /* LabelGenerator.swift in Resources */ = {isa = PBXBuildFile; fileRef = 07C8280C25A4FEB600C79E88 /* LabelGenerator.swift */; };
		07C8281725A5092D00C79E88 /* TextViewGenerator.swift in Resources */ = {isa = PBXBuildFile; fileRef = 07C8281025A5028200C79E88 /* TextViewGenerator.swift */; };
		07C8281825A5092D00C79E88 /* UIColorHexExtension.swift in Resources */ = {isa = PBXBuildFile; fileRef = 07C8281325A508D700C79E88 /* UIColorHexExtension.swift */; };
		07FBB43D25C4596C005F60C4 /* template.json in Resources */ = {isa = PBXBuildFile; fileRef = 07FBB43C25C4596C005F60C4 /* template.json */; };
		07FBB44025C46C45005F60C4 /* TextFieldGenerator.swift in Sources */ = {isa = PBXBuildFile; fileRef = 07FBB43F25C46C45005F60C4 /* TextFieldGenerator.swift */; };
/* End PBXBuildFile section */

/* Begin PBXFileReference section */
		076E774F259FAA6B0081BC04 /* InverseLambaIOSInterpreter.app */ = {isa = PBXFileReference; explicitFileType = wrapper.application; includeInIndex = 0; path = InverseLambaIOSInterpreter.app; sourceTree = BUILT_PRODUCTS_DIR; };
		076E7752259FAA6B0081BC04 /* AppDelegate.swift */ = {isa = PBXFileReference; lastKnownFileType = sourcecode.swift; path = AppDelegate.swift; sourceTree = "<group>"; };
		076E7754259FAA6B0081BC04 /* SceneDelegate.swift */ = {isa = PBXFileReference; lastKnownFileType = sourcecode.swift; path = SceneDelegate.swift; sourceTree = "<group>"; };
		076E7756259FAA6B0081BC04 /* ViewController.swift */ = {isa = PBXFileReference; lastKnownFileType = sourcecode.swift; path = ViewController.swift; sourceTree = "<group>"; };
		076E7759259FAA6B0081BC04 /* Base */ = {isa = PBXFileReference; lastKnownFileType = file.storyboard; name = Base; path = Base.lproj/Main.storyboard; sourceTree = "<group>"; };
		076E775B259FAA6C0081BC04 /* Assets.xcassets */ = {isa = PBXFileReference; lastKnownFileType = folder.assetcatalog; path = Assets.xcassets; sourceTree = "<group>"; };
		076E775E259FAA6C0081BC04 /* Base */ = {isa = PBXFileReference; lastKnownFileType = file.storyboard; name = Base; path = Base.lproj/LaunchScreen.storyboard; sourceTree = "<group>"; };
		076E7760259FAA6C0081BC04 /* Info.plist */ = {isa = PBXFileReference; lastKnownFileType = text.plist.xml; path = Info.plist; sourceTree = "<group>"; };
		076E776B259FAABB0081BC04 /* old_template.json */ = {isa = PBXFileReference; lastKnownFileType = text.json; path = old_template.json; sourceTree = "<group>"; };
		0797562525A3C01400E5A439 /* JSONReader.swift */ = {isa = PBXFileReference; lastKnownFileType = sourcecode.swift; path = JSONReader.swift; sourceTree = "<group>"; };
		0797562825A3C0AB00E5A439 /* ButtonGenerator.swift */ = {isa = PBXFileReference; lastKnownFileType = sourcecode.swift; path = ButtonGenerator.swift; sourceTree = "<group>"; };
		07C8280C25A4FEB600C79E88 /* LabelGenerator.swift */ = {isa = PBXFileReference; lastKnownFileType = sourcecode.swift; path = LabelGenerator.swift; sourceTree = "<group>"; };
		07C8281025A5028200C79E88 /* TextViewGenerator.swift */ = {isa = PBXFileReference; lastKnownFileType = sourcecode.swift; path = TextViewGenerator.swift; sourceTree = "<group>"; };
		07C8281325A508D700C79E88 /* UIColorHexExtension.swift */ = {isa = PBXFileReference; lastKnownFileType = sourcecode.swift; path = UIColorHexExtension.swift; sourceTree = "<group>"; };
		07FBB43C25C4596C005F60C4 /* template.json */ = {isa = PBXFileReference; lastKnownFileType = text.json; path = template.json; sourceTree = "<group>"; };
		07FBB43F25C46C45005F60C4 /* TextFieldGenerator.swift */ = {isa = PBXFileReference; lastKnownFileType = sourcecode.swift; path = TextFieldGenerator.swift; sourceTree = "<group>"; };
/* End PBXFileReference section */

/* Begin PBXFrameworksBuildPhase section */
		076E774C259FAA6B0081BC04 /* Frameworks */ = {
			isa = PBXFrameworksBuildPhase;
			buildActionMask = 2147483647;
			files = (
				076E7769259FAAAB0081BC04 /* SwiftyJSON in Frameworks */,
			);
			runOnlyForDeploymentPostprocessing = 0;
		};
/* End PBXFrameworksBuildPhase section */

/* Begin PBXGroup section */
		076E7746259FAA6B0081BC04 = {
			isa = PBXGroup;
			children = (
				076E7751259FAA6B0081BC04 /* InverseLambaIOSInterpreter */,
				076E7750259FAA6B0081BC04 /* Products */,
			);
			sourceTree = "<group>";
		};
		076E7750259FAA6B0081BC04 /* Products */ = {
			isa = PBXGroup;
			children = (
				076E774F259FAA6B0081BC04 /* InverseLambaIOSInterpreter.app */,
			);
			name = Products;
			sourceTree = "<group>";
		};
		076E7751259FAA6B0081BC04 /* InverseLambaIOSInterpreter */ = {
			isa = PBXGroup;
			children = (
				0797562C25A3C0C200E5A439 /* UIGenerators */,
				0797562B25A3C0B100E5A439 /* Utils */,
				076E7752259FAA6B0081BC04 /* AppDelegate.swift */,
				076E7754259FAA6B0081BC04 /* SceneDelegate.swift */,
				076E7756259FAA6B0081BC04 /* ViewController.swift */,
				076E7758259FAA6B0081BC04 /* Main.storyboard */,
				076E775B259FAA6C0081BC04 /* Assets.xcassets */,
				076E775D259FAA6C0081BC04 /* LaunchScreen.storyboard */,
				076E7760259FAA6C0081BC04 /* Info.plist */,
				076E776B259FAABB0081BC04 /* old_template.json */,
				07FBB43C25C4596C005F60C4 /* template.json */,
			);
			path = InverseLambaIOSInterpreter;
			sourceTree = "<group>";
		};
		0797562B25A3C0B100E5A439 /* Utils */ = {
			isa = PBXGroup;
			children = (
				0797562525A3C01400E5A439 /* JSONReader.swift */,
				07C8281325A508D700C79E88 /* UIColorHexExtension.swift */,
			);
			path = Utils;
			sourceTree = "<group>";
		};
		0797562C25A3C0C200E5A439 /* UIGenerators */ = {
			isa = PBXGroup;
			children = (
				0797562825A3C0AB00E5A439 /* ButtonGenerator.swift */,
				07C8280C25A4FEB600C79E88 /* LabelGenerator.swift */,
				07C8281025A5028200C79E88 /* TextViewGenerator.swift */,
				07FBB43F25C46C45005F60C4 /* TextFieldGenerator.swift */,
			);
			path = UIGenerators;
			sourceTree = "<group>";
		};
/* End PBXGroup section */

/* Begin PBXNativeTarget section */
		076E774E259FAA6B0081BC04 /* InverseLambaIOSInterpreter */ = {
			isa = PBXNativeTarget;
			buildConfigurationList = 076E7763259FAA6C0081BC04 /* Build configuration list for PBXNativeTarget "InverseLambaIOSInterpreter" */;
			buildPhases = (
				076E774B259FAA6B0081BC04 /* Sources */,
				076E774D259FAA6B0081BC04 /* Resources */,
				076E774C259FAA6B0081BC04 /* Frameworks */,
			);
			buildRules = (
			);
			dependencies = (
			);
			name = InverseLambaIOSInterpreter;
			packageProductDependencies = (
				076E7768259FAAAB0081BC04 /* SwiftyJSON */,
			);
			productName = InverseLambaIOSInterpreter;
			productReference = 076E774F259FAA6B0081BC04 /* InverseLambaIOSInterpreter.app */;
			productType = "com.apple.product-type.application";
		};
/* End PBXNativeTarget section */

/* Begin PBXProject section */
		076E7747259FAA6B0081BC04 /* Project object */ = {
			isa = PBXProject;
			attributes = {
				LastSwiftUpdateCheck = 1230;
				LastUpgradeCheck = 1230;
				TargetAttributes = {
					076E774E259FAA6B0081BC04 = {
						CreatedOnToolsVersion = 12.3;
					};
				};
			};
			buildConfigurationList = 076E774A259FAA6B0081BC04 /* Build configuration list for PBXProject "InverseLambaIOSInterpreter" */;
			compatibilityVersion = "Xcode 9.3";
			developmentRegion = en;
			hasScannedForEncodings = 0;
			knownRegions = (
				en,
				Base,
			);
			mainGroup = 076E7746259FAA6B0081BC04;
			packageReferences = (
				076E7767259FAAAB0081BC04 /* XCRemoteSwiftPackageReference "SwiftyJSON" */,
			);
			productRefGroup = 076E7750259FAA6B0081BC04 /* Products */;
			projectDirPath = "";
			projectRoot = "";
			targets = (
				076E774E259FAA6B0081BC04 /* InverseLambaIOSInterpreter */,
			);
		};
/* End PBXProject section */

/* Begin PBXResourcesBuildPhase section */
		076E774D259FAA6B0081BC04 /* Resources */ = {
			isa = PBXResourcesBuildPhase;
			buildActionMask = 2147483647;
			files = (
				07C8281625A5092D00C79E88 /* LabelGenerator.swift in Resources */,
				07C8281725A5092D00C79E88 /* TextViewGenerator.swift in Resources */,
				07C8281825A5092D00C79E88 /* UIColorHexExtension.swift in Resources */,
				0797562E25A3C53700E5A439 /* ButtonGenerator.swift in Resources */,
				0797562F25A3C53700E5A439 /* JSONReader.swift in Resources */,
				0797563025A3C53700E5A439 /* AppDelegate.swift in Resources */,
				07FBB43D25C4596C005F60C4 /* template.json in Resources */,
				0797563125A3C53700E5A439 /* SceneDelegate.swift in Resources */,
				0797563225A3C53700E5A439 /* ViewController.swift in Resources */,
				076E775F259FAA6C0081BC04 /* LaunchScreen.storyboard in Resources */,
				076E776C259FAABB0081BC04 /* old_template.json in Resources */,
				076E775C259FAA6C0081BC04 /* Assets.xcassets in Resources */,
				076E775A259FAA6B0081BC04 /* Main.storyboard in Resources */,
			);
			runOnlyForDeploymentPostprocessing = 0;
		};
/* End PBXResourcesBuildPhase section */

/* Begin PBXSourcesBuildPhase section */
		076E774B259FAA6B0081BC04 /* Sources */ = {
			isa = PBXSourcesBuildPhase;
			buildActionMask = 2147483647;
			files = (
				07FBB44025C46C45005F60C4 /* TextFieldGenerator.swift in Sources */,
				07C8280D25A4FEB600C79E88 /* LabelGenerator.swift in Sources */,
				0797562925A3C0AB00E5A439 /* ButtonGenerator.swift in Sources */,
				0797562625A3C01400E5A439 /* JSONReader.swift in Sources */,
				07C8281425A508D700C79E88 /* UIColorHexExtension.swift in Sources */,
				076E7757259FAA6B0081BC04 /* ViewController.swift in Sources */,
				076E7753259FAA6B0081BC04 /* AppDelegate.swift in Sources */,
				07C8281125A5028200C79E88 /* TextViewGenerator.swift in Sources */,
				076E7755259FAA6B0081BC04 /* SceneDelegate.swift in Sources */,
			);
			runOnlyForDeploymentPostprocessing = 0;
		};
/* End PBXSourcesBuildPhase section */

/* Begin PBXVariantGroup section */
		076E7758259FAA6B0081BC04 /* Main.storyboard */ = {
			isa = PBXVariantGroup;
			children = (
				076E7759259FAA6B0081BC04 /* Base */,
			);
			name = Main.storyboard;
			sourceTree = "<group>";
		};
		076E775D259FAA6C0081BC04 /* LaunchScreen.storyboard */ = {
			isa = PBXVariantGroup;
			children = (
				076E775E259FAA6C0081BC04 /* Base */,
			);
			name = LaunchScreen.storyboard;
			sourceTree = "<group>";
		};
/* End PBXVariantGroup section */

/* Begin XCBuildConfiguration section */
		076E7761259FAA6C0081BC04 /* Debug */ = {
			isa = XCBuildConfiguration;
			buildSettings = {
				ALWAYS_SEARCH_USER_PATHS = NO;
				CLANG_ANALYZER_NONNULL = YES;
				CLANG_ANALYZER_NUMBER_OBJECT_CONVERSION = YES_AGGRESSIVE;
				CLANG_CXX_LANGUAGE_STANDARD = "gnu++14";
				CLANG_CXX_LIBRARY = "libc++";
				CLANG_ENABLE_MODULES = YES;
				CLANG_ENABLE_OBJC_ARC = YES;
				CLANG_ENABLE_OBJC_WEAK = YES;
				CLANG_WARN_BLOCK_CAPTURE_AUTORELEASING = YES;
				CLANG_WARN_BOOL_CONVERSION = YES;
				CLANG_WARN_COMMA = YES;
				CLANG_WARN_CONSTANT_CONVERSION = YES;
				CLANG_WARN_DEPRECATED_OBJC_IMPLEMENTATIONS = YES;
				CLANG_WARN_DIRECT_OBJC_ISA_USAGE = YES_ERROR;
				CLANG_WARN_DOCUMENTATION_COMMENTS = YES;
				CLANG_WARN_EMPTY_BODY = YES;
				CLANG_WARN_ENUM_CONVERSION = YES;
				CLANG_WARN_INFINITE_RECURSION = YES;
				CLANG_WARN_INT_CONVERSION = YES;
				CLANG_WARN_NON_LITERAL_NULL_CONVERSION = YES;
				CLANG_WARN_OBJC_IMPLICIT_RETAIN_SELF = YES;
				CLANG_WARN_OBJC_LITERAL_CONVERSION = YES;
				CLANG_WARN_OBJC_ROOT_CLASS = YES_ERROR;
				CLANG_WARN_QUOTED_INCLUDE_IN_FRAMEWORK_HEADER = YES;
				CLANG_WARN_RANGE_LOOP_ANALYSIS = YES;
				CLANG_WARN_STRICT_PROTOTYPES = YES;
				CLANG_WARN_SUSPICIOUS_MOVE = YES;
				CLANG_WARN_UNGUARDED_AVAILABILITY = YES_AGGRESSIVE;
				CLANG_WARN_UNREACHABLE_CODE = YES;
				CLANG_WARN__DUPLICATE_METHOD_MATCH = YES;
				COPY_PHASE_STRIP = NO;
				DEBUG_INFORMATION_FORMAT = dwarf;
				ENABLE_STRICT_OBJC_MSGSEND = YES;
				ENABLE_TESTABILITY = YES;
				GCC_C_LANGUAGE_STANDARD = gnu11;
				GCC_DYNAMIC_NO_PIC = NO;
				GCC_NO_COMMON_BLOCKS = YES;
				GCC_OPTIMIZATION_LEVEL = 0;
				GCC_PREPROCESSOR_DEFINITIONS = (
					"DEBUG=1",
					"$(inherited)",
				);
				GCC_WARN_64_TO_32_BIT_CONVERSION = YES;
				GCC_WARN_ABOUT_RETURN_TYPE = YES_ERROR;
				GCC_WARN_UNDECLARED_SELECTOR = YES;
				GCC_WARN_UNINITIALIZED_AUTOS = YES_AGGRESSIVE;
				GCC_WARN_UNUSED_FUNCTION = YES;
				GCC_WARN_UNUSED_VARIABLE = YES;
				IPHONEOS_DEPLOYMENT_TARGET = 14.3;
				MTL_ENABLE_DEBUG_INFO = INCLUDE_SOURCE;
				MTL_FAST_MATH = YES;
				ONLY_ACTIVE_ARCH = YES;
				SDKROOT = iphoneos;
				SWIFT_ACTIVE_COMPILATION_CONDITIONS = DEBUG;
				SWIFT_OPTIMIZATION_LEVEL = "-Onone";
			};
			name = Debug;
		};
		076E7762259FAA6C0081BC04 /* Release */ = {
			isa = XCBuildConfiguration;
			buildSettings = {
				ALWAYS_SEARCH_USER_PATHS = NO;
				CLANG_ANALYZER_NONNULL = YES;
				CLANG_ANALYZER_NUMBER_OBJECT_CONVERSION = YES_AGGRESSIVE;
				CLANG_CXX_LANGUAGE_STANDARD = "gnu++14";
				CLANG_CXX_LIBRARY = "libc++";
				CLANG_ENABLE_MODULES = YES;
				CLANG_ENABLE_OBJC_ARC = YES;
				CLANG_ENABLE_OBJC_WEAK = YES;
				CLANG_WARN_BLOCK_CAPTURE_AUTORELEASING = YES;
				CLANG_WARN_BOOL_CONVERSION = YES;
				CLANG_WARN_COMMA = YES;
				CLANG_WARN_CONSTANT_CONVERSION = YES;
				CLANG_WARN_DEPRECATED_OBJC_IMPLEMENTATIONS = YES;
				CLANG_WARN_DIRECT_OBJC_ISA_USAGE = YES_ERROR;
				CLANG_WARN_DOCUMENTATION_COMMENTS = YES;
				CLANG_WARN_EMPTY_BODY = YES;
				CLANG_WARN_ENUM_CONVERSION = YES;
				CLANG_WARN_INFINITE_RECURSION = YES;
				CLANG_WARN_INT_CONVERSION = YES;
				CLANG_WARN_NON_LITERAL_NULL_CONVERSION = YES;
				CLANG_WARN_OBJC_IMPLICIT_RETAIN_SELF = YES;
				CLANG_WARN_OBJC_LITERAL_CONVERSION = YES;
				CLANG_WARN_OBJC_ROOT_CLASS = YES_ERROR;
				CLANG_WARN_QUOTED_INCLUDE_IN_FRAMEWORK_HEADER = YES;
				CLANG_WARN_RANGE_LOOP_ANALYSIS = YES;
				CLANG_WARN_STRICT_PROTOTYPES = YES;
				CLANG_WARN_SUSPICIOUS_MOVE = YES;
				CLANG_WARN_UNGUARDED_AVAILABILITY = YES_AGGRESSIVE;
				CLANG_WARN_UNREACHABLE_CODE = YES;
				CLANG_WARN__DUPLICATE_METHOD_MATCH = YES;
				COPY_PHASE_STRIP = NO;
				DEBUG_INFORMATION_FORMAT = "dwarf-with-dsym";
				ENABLE_NS_ASSERTIONS = NO;
				ENABLE_STRICT_OBJC_MSGSEND = YES;
				GCC_C_LANGUAGE_STANDARD = gnu11;
				GCC_NO_COMMON_BLOCKS = YES;
				GCC_WARN_64_TO_32_BIT_CONVERSION = YES;
				GCC_WARN_ABOUT_RETURN_TYPE = YES_ERROR;
				GCC_WARN_UNDECLARED_SELECTOR = YES;
				GCC_WARN_UNINITIALIZED_AUTOS = YES_AGGRESSIVE;
				GCC_WARN_UNUSED_FUNCTION = YES;
				GCC_WARN_UNUSED_VARIABLE = YES;
				IPHONEOS_DEPLOYMENT_TARGET = 14.3;
				MTL_ENABLE_DEBUG_INFO = NO;
				MTL_FAST_MATH = YES;
				SDKROOT = iphoneos;
				SWIFT_COMPILATION_MODE = wholemodule;
				SWIFT_OPTIMIZATION_LEVEL = "-O";
				VALIDATE_PRODUCT = YES;
			};
			name = Release;
		};
		076E7764259FAA6C0081BC04 /* Debug */ = {
			isa = XCBuildConfiguration;
			buildSettings = {
				ASSETCATALOG_COMPILER_APPICON_NAME = AppIcon;
				ASSETCATALOG_COMPILER_GLOBAL_ACCENT_COLOR_NAME = AccentColor;
				CODE_SIGN_STYLE = Automatic;
				DEVELOPMENT_TEAM = HN6RJ3SLK2;
				INFOPLIST_FILE = InverseLambaIOSInterpreter/Info.plist;
				LD_RUNPATH_SEARCH_PATHS = (
					"$(inherited)",
					"@executable_path/Frameworks",
				);
				PRODUCT_BUNDLE_IDENTIFIER = mirimus.InverseLambaIOSInterpreter;
				PRODUCT_NAME = "$(TARGET_NAME)";
				SWIFT_VERSION = 5.0;
				TARGETED_DEVICE_FAMILY = "1,2";
			};
			name = Debug;
		};
		076E7765259FAA6C0081BC04 /* Release */ = {
			isa = XCBuildConfiguration;
			buildSettings = {
				ASSETCATALOG_COMPILER_APPICON_NAME = AppIcon;
				ASSETCATALOG_COMPILER_GLOBAL_ACCENT_COLOR_NAME = AccentColor;
				CODE_SIGN_STYLE = Automatic;
				DEVELOPMENT_TEAM = HN6RJ3SLK2;
				INFOPLIST_FILE = InverseLambaIOSInterpreter/Info.plist;
				LD_RUNPATH_SEARCH_PATHS = (
					"$(inherited)",
					"@executable_path/Frameworks",
				);
				PRODUCT_BUNDLE_IDENTIFIER = mirimus.InverseLambaIOSInterpreter;
				PRODUCT_NAME = "$(TARGET_NAME)";
				SWIFT_VERSION = 5.0;
				TARGETED_DEVICE_FAMILY = "1,2";
			};
			name = Release;
		};
/* End XCBuildConfiguration section */

/* Begin XCConfigurationList section */
		076E774A259FAA6B0081BC04 /* Build configuration list for PBXProject "InverseLambaIOSInterpreter" */ = {
			isa = XCConfigurationList;
			buildConfigurations = (
				076E7761259FAA6C0081BC04 /* Debug */,
				076E7762259FAA6C0081BC04 /* Release */,
			);
			defaultConfigurationIsVisible = 0;
			defaultConfigurationName = Release;
		};
		076E7763259FAA6C0081BC04 /* Build configuration list for PBXNativeTarget "InverseLambaIOSInterpreter" */ = {
			isa = XCConfigurationList;
			buildConfigurations = (
				076E7764259FAA6C0081BC04 /* Debug */,
				076E7765259FAA6C0081BC04 /* Release */,
			);
			defaultConfigurationIsVisible = 0;
			defaultConfigurationName = Release;
		};
/* End XCConfigurationList section */

/* Begin XCRemoteSwiftPackageReference section */
		076E7767259FAAAB0081BC04 /* XCRemoteSwiftPackageReference "SwiftyJSON" */ = {
			isa = XCRemoteSwiftPackageReference;
			repositoryURL = "https://github.com/SwiftyJSON/SwiftyJSON.git";
			requirement = {
				kind = upToNextMajorVersion;
				minimumVersion = 5.0.0;
			};
		};
/* End XCRemoteSwiftPackageReference section */

/* Begin XCSwiftPackageProductDependency section */
		076E7768259FAAAB0081BC04 /* SwiftyJSON */ = {
			isa = XCSwiftPackageProductDependency;
			package = 076E7767259FAAAB0081BC04 /* XCRemoteSwiftPackageReference "SwiftyJSON" */;
			productName = SwiftyJSON;
		};
/* End XCSwiftPackageProductDependency section */
	};
	rootObject = 076E7747259FAA6B0081BC04 /* Project object */;
}
